
Microsoft Visual Studio Solution File, Format Version 12.00
# Visual Studio Version 17
VisualStudioVersion = 17.8.34511.84
MinimumVisualStudioVersion = 10.0.40219.1
Project("{FAE04EC0-301F-11D3-BF4B-00C04F79EFBC}") = "Project_Evaluation_System", "Project_Evaluation_System\Project_Evaluation_System.csproj", "{27DC98FB-4781-4876-8AB5-23DAE2560DEA}"
EndProject
Global
	GlobalSection(SolutionConfigurationPlatforms) = preSolution
		Debug|Any CPU = Debug|Any CPU
		Release|Any CPU = Release|Any CPU
	EndGlobalSection
	GlobalSection(ProjectConfigurationPlatforms) = postSolution
		{27DC98FB-4781-4876-8AB5-23DAE2560DEA}.Debug|Any CPU.ActiveCfg = Debug|Any CPU
		{27DC98FB-4781-4876-8AB5-23DAE2560DEA}.Debug|Any CPU.Build.0 = Debug|Any CPU
		{27DC98FB-4781-4876-8AB5-23DAE2560DEA}.Release|Any CPU.ActiveCfg = Release|Any CPU
		{27DC98FB-4781-4876-8AB5-23DAE2560DEA}.Release|Any CPU.Build.0 = Release|Any CPU
	EndGlobalSection
	GlobalSection(SolutionProperties) = preSolution
		HideSolutionNode = FALSE
	EndGlobalSection
	GlobalSection(ExtensibilityGlobals) = postSolution
		SolutionGuid = {3CEC093C-C69D-492C-9C6E-8547D3EDCC21}
	EndGlobalSection
EndGlobal
